{
  "version": 4,
  "terraform_version": "1.2.8",
  "serial": 3,
  "lineage": "8dbc6892-3193-6873-2d85-8b5cfdfb34d8",
  "outputs": {},
  "resources": [
    {
      "mode": "managed",
      "type": "azurerm_container_group",
      "name": "tf_cg_sampleapi",
      "provider": "provider[\"registry.terraform.io/hashicorp/azurerm\"]",
      "instances": [
        {
          "schema_version": 0,
          "attributes": {
            "container": [
              {
                "commands": [],
                "cpu": 1,
                "cpu_limit": 0,
                "environment_variables": null,
                "gpu": [],
                "gpu_limit": [],
                "image": "dohotyson1990/sampleapi",
                "liveness_probe": [],
                "memory": 1,
                "memory_limit": 0,
                "name": "sampleapi",
                "ports": [
                  {
                    "port": 80,
                    "protocol": "TCP"
                  }
                ],
                "readiness_probe": [],
                "secure_environment_variables": null,
                "volume": []
              }
            ],
            "diagnostics": [],
            "dns_config": [],
            "dns_name_label": "sampleapitf",
            "exposed_port": [
              {
                "port": 80,
                "protocol": "TCP"
              }
            ],
            "fqdn": "sampleapitf.uksouth.azurecontainer.io",
            "id": "/subscriptions/5f78f43c-df60-4e44-8998-d257407d4179/resourceGroups/davidtfrg/providers/Microsoft.ContainerInstance/containerGroups/cg_sampleapi",
            "identity": [],
            "image_registry_credential": [],
            "init_container": [],
            "ip_address": "20.26.10.79",
            "ip_address_type": "Public",
            "key_vault_key_id": null,
            "location": "uksouth",
            "name": "cg_sampleapi",
            "network_profile_id": null,
            "os_type": "Linux",
            "resource_group_name": "davidtfrg",
            "restart_policy": "Always",
            "tags": null,
            "timeouts": null
          },
          "sensitive_attributes": [],
          "private": "eyJlMmJmYjczMC1lY2FhLTExZTYtOGY4OC0zNDM2M2JjN2M0YzAiOnsiY3JlYXRlIjoxODAwMDAwMDAwMDAwLCJkZWxldGUiOjE4MDAwMDAwMDAwMDAsInJlYWQiOjMwMDAwMDAwMDAwMCwidXBkYXRlIjoxODAwMDAwMDAwMDAwfX0=",
          "dependencies": [
            "azurerm_resource_group.tf_rg_sampleapi"
          ]
        }
      ]
    },
    {
      "mode": "managed",
      "type": "azurerm_resource_group",
      "name": "tf_rg_sampleapi",
      "provider": "provider[\"registry.terraform.io/hashicorp/azurerm\"]",
      "instances": [
        {
          "schema_version": 0,
          "attributes": {
            "id": "/subscriptions/5f78f43c-df60-4e44-8998-d257407d4179/resourceGroups/davidtfrg",
            "location": "uksouth",
            "name": "davidtfrg",
            "tags": {},
            "timeouts": null
          },
          "sensitive_attributes": [],
          "private": "eyJlMmJmYjczMC1lY2FhLTExZTYtOGY4OC0zNDM2M2JjN2M0YzAiOnsiY3JlYXRlIjo1NDAwMDAwMDAwMDAwLCJkZWxldGUiOjU0MDAwMDAwMDAwMDAsInJlYWQiOjMwMDAwMDAwMDAwMCwidXBkYXRlIjo1NDAwMDAwMDAwMDAwfX0="
        }
      ]
    }
  ]
}
